// !$*UTF8*$!
{
	archiveVersion = 1;
	classes = {
	};
	objectVersion = 56;
	objects = {

/* Begin PBXBuildFile section */
		7D35B1442A212CAD0003AEEB /* STREAK_TestAppApp.swift in Sources */ = {isa = PBXBuildFile; fileRef = 7D35B1432A212CAD0003AEEB /* STREAK_TestAppApp.swift */; };
		7D35B1462A212CAD0003AEEB /* Airports.swift in Sources */ = {isa = PBXBuildFile; fileRef = 7D35B1452A212CAD0003AEEB /* Airports.swift */; };
		7D35B1482A212CAE0003AEEB /* Assets.xcassets in Resources */ = {isa = PBXBuildFile; fileRef = 7D35B1472A212CAE0003AEEB /* Assets.xcassets */; };
		7D35B14B2A212CAE0003AEEB /* Preview Assets.xcassets in Resources */ = {isa = PBXBuildFile; fileRef = 7D35B14A2A212CAE0003AEEB /* Preview Assets.xcassets */; };
		7D7AF1C52A212F55007D8E40 /* STREAK in Frameworks */ = {isa = PBXBuildFile; productRef = 7D7AF1C42A212F55007D8E40 /* STREAK */; };
		7D7AF1C82A2131A2007D8E40 /* Rimshot.m4a in Resources */ = {isa = PBXBuildFile; fileRef = 7D7AF1C72A21317A007D8E40 /* Rimshot.m4a */; };
		7D7AF1CA2A21427A007D8E40 /* Sounds.swift in Sources */ = {isa = PBXBuildFile; fileRef = 7D7AF1C92A21427A007D8E40 /* Sounds.swift */; };
/* End PBXBuildFile section */

/* Begin PBXFileReference section */
		7D35B1402A212CAD0003AEEB /* STREAK+TestApp.app */ = {isa = PBXFileReference; explicitFileType = wrapper.application; includeInIndex = 0; path = "STREAK+TestApp.app"; sourceTree = BUILT_PRODUCTS_DIR; };
		7D35B1432A212CAD0003AEEB /* STREAK_TestAppApp.swift */ = {isa = PBXFileReference; lastKnownFileType = sourcecode.swift; path = STREAK_TestAppApp.swift; sourceTree = "<group>"; };
		7D35B1452A212CAD0003AEEB /* Airports.swift */ = {isa = PBXFileReference; lastKnownFileType = sourcecode.swift; path = Airports.swift; sourceTree = "<group>"; };
		7D35B1472A212CAE0003AEEB /* Assets.xcassets */ = {isa = PBXFileReference; lastKnownFileType = folder.assetcatalog; path = Assets.xcassets; sourceTree = "<group>"; };
		7D35B14A2A212CAE0003AEEB /* Preview Assets.xcassets */ = {isa = PBXFileReference; lastKnownFileType = folder.assetcatalog; path = "Preview Assets.xcassets"; sourceTree = "<group>"; };
		7D7AF1C62A212F79007D8E40 /* STREAK */ = {isa = PBXFileReference; lastKnownFileType = wrapper; name = STREAK; path = ../STREAK; sourceTree = "<group>"; };
		7D7AF1C72A21317A007D8E40 /* Rimshot.m4a */ = {isa = PBXFileReference; lastKnownFileType = file; path = Rimshot.m4a; sourceTree = "<group>"; };
		7D7AF1C92A21427A007D8E40 /* Sounds.swift */ = {isa = PBXFileReference; lastKnownFileType = sourcecode.swift; path = Sounds.swift; sourceTree = "<group>"; };
/* End PBXFileReference section */

/* Begin PBXFrameworksBuildPhase section */
		7D35B13D2A212CAD0003AEEB /* Frameworks */ = {
			isa = PBXFrameworksBuildPhase;
			buildActionMask = 2147483647;
			files = (
				7D7AF1C52A212F55007D8E40 /* STREAK in Frameworks */,
			);
			runOnlyForDeploymentPostprocessing = 0;
		};
/* End PBXFrameworksBuildPhase section */

/* Begin PBXGroup section */
		7D35B1372A212CAD0003AEEB = {
			isa = PBXGroup;
			children = (
				7D7AF1C62A212F79007D8E40 /* STREAK */,
				7D35B1422A212CAD0003AEEB /* STREAK+TestApp */,
				7D35B1412A212CAD0003AEEB /* Products */,
			);
			sourceTree = "<group>";
		};
		7D35B1412A212CAD0003AEEB /* Products */ = {
			isa = PBXGroup;
			children = (
				7D35B1402A212CAD0003AEEB /* STREAK+TestApp.app */,
			);
			name = Products;
			sourceTree = "<group>";
		};
		7D35B1422A212CAD0003AEEB /* STREAK+TestApp */ = {
			isa = PBXGroup;
			children = (
				7D35B1432A212CAD0003AEEB /* STREAK_TestAppApp.swift */,
				7D7AF1C92A21427A007D8E40 /* Sounds.swift */,
				7D35B1452A212CAD0003AEEB /* Airports.swift */,
				7D7AF1C72A21317A007D8E40 /* Rimshot.m4a */,
				7D35B1472A212CAE0003AEEB /* Assets.xcassets */,
				7D35B1492A212CAE0003AEEB /* Preview Content */,
			);
			path = "STREAK+TestApp";
			sourceTree = "<group>";
		};
		7D35B1492A212CAE0003AEEB /* Preview Content */ = {
			isa = PBXGroup;
			children = (
				7D35B14A2A212CAE0003AEEB /* Preview Assets.xcassets */,
			);
			path = "Preview Content";
			sourceTree = "<group>";
		};
/* End PBXGroup section */

/* Begin PBXNativeTarget section */
		7D35B13F2A212CAD0003AEEB /* STREAK+TestApp */ = {
			isa = PBXNativeTarget;
			buildConfigurationList = 7D35B14E2A212CAE0003AEEB /* Build configuration list for PBXNativeTarget "STREAK+TestApp" */;
			buildPhases = (
				7D35B13C2A212CAD0003AEEB /* Sources */,
				7D35B13D2A212CAD0003AEEB /* Frameworks */,
				7D35B13E2A212CAD0003AEEB /* Resources */,
			);
			buildRules = (
			);
			dependencies = (
			);
			name = "STREAK+TestApp";
			packageProductDependencies = (
				7D7AF1C42A212F55007D8E40 /* STREAK */,
			);
			productName = "STREAK+TestApp";
			productReference = 7D35B1402A212CAD0003AEEB /* STREAK+TestApp.app */;
			productType = "com.apple.product-type.application";
		};
/* End PBXNativeTarget section */

/* Begin PBXProject section */
		7D35B1382A212CAD0003AEEB /* Project object */ = {
			isa = PBXProject;
			attributes = {
				BuildIndependentTargetsInParallel = 1;
				LastSwiftUpdateCheck = 1430;
				LastUpgradeCheck = 1430;
				TargetAttributes = {
					7D35B13F2A212CAD0003AEEB = {
						CreatedOnToolsVersion = 14.3;
					};
				};
			};
			buildConfigurationList = 7D35B13B2A212CAD0003AEEB /* Build configuration list for PBXProject "STREAK+TestApp" */;
			compatibilityVersion = "Xcode 14.0";
			developmentRegion = en;
			hasScannedForEncodings = 0;
			knownRegions = (
				en,
				Base,
			);
			mainGroup = 7D35B1372A212CAD0003AEEB;
			packageReferences = (
				7D7AF1C32A212F55007D8E40 /* XCRemoteSwiftPackageReference "STREAK" */,
			);
			productRefGroup = 7D35B1412A212CAD0003AEEB /* Products */;
			projectDirPath = "";
			projectRoot = "";
			targets = (
				7D35B13F2A212CAD0003AEEB /* STREAK+TestApp */,
			);
		};
/* End PBXProject section */

/* Begin PBXResourcesBuildPhase section */
		7D35B13E2A212CAD0003AEEB /* Resources */ = {
			isa = PBXResourcesBuildPhase;
			buildActionMask = 2147483647;
			files = (
				7D7AF1C82A2131A2007D8E40 /* Rimshot.m4a in Resources */,
				7D35B14B2A212CAE0003AEEB /* Preview Assets.xcassets in Resources */,
				7D35B1482A212CAE0003AEEB /* Assets.xcassets in Resources */,
			);
			runOnlyForDeploymentPostprocessing = 0;
		};
/* End PBXResourcesBuildPhase section */

/* Begin PBXSourcesBuildPhase section */
		7D35B13C2A212CAD0003AEEB /* Sources */ = {
			isa = PBXSourcesBuildPhase;
			buildActionMask = 2147483647;
			files = (
				7D7AF1CA2A21427A007D8E40 /* Sounds.swift in Sources */,
				7D35B1462A212CAD0003AEEB /* Airports.swift in Sources */,
				7D35B1442A212CAD0003AEEB /* STREAK_TestAppApp.swift in Sources */,
			);
			runOnlyForDeploymentPostprocessing = 0;
		};
/* End PBXSourcesBuildPhase section */

/* Begin XCBuildConfiguration section */
		7D35B14C2A212CAE0003AEEB /* Debug */ = {
			isa = XCBuildConfiguration;
			buildSettings = {
				ALWAYS_SEARCH_USER_PATHS = NO;
				CLANG_ANALYZER_NONNULL = YES;
				CLANG_ANALYZER_NUMBER_OBJECT_CONVERSION = YES_AGGRESSIVE;
				CLANG_CXX_LANGUAGE_STANDARD = "gnu++20";
				CLANG_ENABLE_MODULES = YES;
				CLANG_ENABLE_OBJC_ARC = YES;
				CLANG_ENABLE_OBJC_WEAK = YES;
				CLANG_WARN_BLOCK_CAPTURE_AUTORELEASING = YES;
				CLANG_WARN_BOOL_CONVERSION = YES;
				CLANG_WARN_COMMA = YES;
				CLANG_WARN_CONSTANT_CONVERSION = YES;
				CLANG_WARN_DEPRECATED_OBJC_IMPLEMENTATIONS = YES;
				CLANG_WARN_DIRECT_OBJC_ISA_USAGE = YES_ERROR;
				CLANG_WARN_DOCUMENTATION_COMMENTS = YES;
				CLANG_WARN_EMPTY_BODY = YES;
				CLANG_WARN_ENUM_CONVERSION = YES;
				CLANG_WARN_INFINITE_RECURSION = YES;
				CLANG_WARN_INT_CONVERSION = YES;
				CLANG_WARN_NON_LITERAL_NULL_CONVERSION = YES;
				CLANG_WARN_OBJC_IMPLICIT_RETAIN_SELF = YES;
				CLANG_WARN_OBJC_LITERAL_CONVERSION = YES;
				CLANG_WARN_OBJC_ROOT_CLASS = YES_ERROR;
				CLANG_WARN_QUOTED_INCLUDE_IN_FRAMEWORK_HEADER = YES;
				CLANG_WARN_RANGE_LOOP_ANALYSIS = YES;
				CLANG_WARN_STRICT_PROTOTYPES = YES;
				CLANG_WARN_SUSPICIOUS_MOVE = YES;
				CLANG_WARN_UNGUARDED_AVAILABILITY = YES_AGGRESSIVE;
				CLANG_WARN_UNREACHABLE_CODE = YES;
				CLANG_WARN__DUPLICATE_METHOD_MATCH = YES;
				COPY_PHASE_STRIP = NO;
				DEBUG_INFORMATION_FORMAT = dwarf;
				ENABLE_STRICT_OBJC_MSGSEND = YES;
				ENABLE_TESTABILITY = YES;
				GCC_C_LANGUAGE_STANDARD = gnu11;
				GCC_DYNAMIC_NO_PIC = NO;
				GCC_NO_COMMON_BLOCKS = YES;
				GCC_OPTIMIZATION_LEVEL = 0;
				GCC_PREPROCESSOR_DEFINITIONS = (
					"DEBUG=1",
					"$(inherited)",
				);
				GCC_WARN_64_TO_32_BIT_CONVERSION = YES;
				GCC_WARN_ABOUT_RETURN_TYPE = YES_ERROR;
				GCC_WARN_UNDECLARED_SELECTOR = YES;
				GCC_WARN_UNINITIALIZED_AUTOS = YES_AGGRESSIVE;
				GCC_WARN_UNUSED_FUNCTION = YES;
				GCC_WARN_UNUSED_VARIABLE = YES;
				IPHONEOS_DEPLOYMENT_TARGET = 16.4;
				MTL_ENABLE_DEBUG_INFO = INCLUDE_SOURCE;
				MTL_FAST_MATH = YES;
				ONLY_ACTIVE_ARCH = YES;
				SDKROOT = iphoneos;
				SWIFT_ACTIVE_COMPILATION_CONDITIONS = DEBUG;
				SWIFT_OPTIMIZATION_LEVEL = "-Onone";
			};
			name = Debug;
		};
		7D35B14D2A212CAE0003AEEB /* Release */ = {
			isa = XCBuildConfiguration;
			buildSettings = {
				ALWAYS_SEARCH_USER_PATHS = NO;
				CLANG_ANALYZER_NONNULL = YES;
				CLANG_ANALYZER_NUMBER_OBJECT_CONVERSION = YES_AGGRESSIVE;
				CLANG_CXX_LANGUAGE_STANDARD = "gnu++20";
				CLANG_ENABLE_MODULES = YES;
				CLANG_ENABLE_OBJC_ARC = YES;
				CLANG_ENABLE_OBJC_WEAK = YES;
				CLANG_WARN_BLOCK_CAPTURE_AUTORELEASING = YES;
				CLANG_WARN_BOOL_CONVERSION = YES;
				CLANG_WARN_COMMA = YES;
				CLANG_WARN_CONSTANT_CONVERSION = YES;
				CLANG_WARN_DEPRECATED_OBJC_IMPLEMENTATIONS = YES;
				CLANG_WARN_DIRECT_OBJC_ISA_USAGE = YES_ERROR;
				CLANG_WARN_DOCUMENTATION_COMMENTS = YES;
				CLANG_WARN_EMPTY_BODY = YES;
				CLANG_WARN_ENUM_CONVERSION = YES;
				CLANG_WARN_INFINITE_RECURSION = YES;
				CLANG_WARN_INT_CONVERSION = YES;
				CLANG_WARN_NON_LITERAL_NULL_CONVERSION = YES;
				CLANG_WARN_OBJC_IMPLICIT_RETAIN_SELF = YES;
				CLANG_WARN_OBJC_LITERAL_CONVERSION = YES;
				CLANG_WARN_OBJC_ROOT_CLASS = YES_ERROR;
				CLANG_WARN_QUOTED_INCLUDE_IN_FRAMEWORK_HEADER = YES;
				CLANG_WARN_RANGE_LOOP_ANALYSIS = YES;
				CLANG_WARN_STRICT_PROTOTYPES = YES;
				CLANG_WARN_SUSPICIOUS_MOVE = YES;
				CLANG_WARN_UNGUARDED_AVAILABILITY = YES_AGGRESSIVE;
				CLANG_WARN_UNREACHABLE_CODE = YES;
				CLANG_WARN__DUPLICATE_METHOD_MATCH = YES;
				COPY_PHASE_STRIP = NO;
				DEBUG_INFORMATION_FORMAT = "dwarf-with-dsym";
				ENABLE_NS_ASSERTIONS = NO;
				ENABLE_STRICT_OBJC_MSGSEND = YES;
				GCC_C_LANGUAGE_STANDARD = gnu11;
				GCC_NO_COMMON_BLOCKS = YES;
				GCC_WARN_64_TO_32_BIT_CONVERSION = YES;
				GCC_WARN_ABOUT_RETURN_TYPE = YES_ERROR;
				GCC_WARN_UNDECLARED_SELECTOR = YES;
				GCC_WARN_UNINITIALIZED_AUTOS = YES_AGGRESSIVE;
				GCC_WARN_UNUSED_FUNCTION = YES;
				GCC_WARN_UNUSED_VARIABLE = YES;
				IPHONEOS_DEPLOYMENT_TARGET = 16.4;
				MTL_ENABLE_DEBUG_INFO = NO;
				MTL_FAST_MATH = YES;
				SDKROOT = iphoneos;
				SWIFT_COMPILATION_MODE = wholemodule;
				SWIFT_OPTIMIZATION_LEVEL = "-O";
				VALIDATE_PRODUCT = YES;
			};
			name = Release;
		};
		7D35B14F2A212CAE0003AEEB /* Debug */ = {
			isa = XCBuildConfiguration;
			buildSettings = {
				ASSETCATALOG_COMPILER_APPICON_NAME = AppIcon;
				ASSETCATALOG_COMPILER_GLOBAL_ACCENT_COLOR_NAME = AccentColor;
				CODE_SIGN_STYLE = Automatic;
				CURRENT_PROJECT_VERSION = 1;
				DEVELOPMENT_ASSET_PATHS = "\"STREAK+TestApp/Preview Content\"";
				DEVELOPMENT_TEAM = WG6GA25BQY;
				ENABLE_PREVIEWS = YES;
				GENERATE_INFOPLIST_FILE = YES;
				INFOPLIST_KEY_UIApplicationSceneManifest_Generation = YES;
				INFOPLIST_KEY_UIApplicationSupportsIndirectInputEvents = YES;
				INFOPLIST_KEY_UILaunchScreen_Generation = YES;
				INFOPLIST_KEY_UISupportedInterfaceOrientations_iPad = "UIInterfaceOrientationPortrait UIInterfaceOrientationPortraitUpsideDown UIInterfaceOrientationLandscapeLeft UIInterfaceOrientationLandscapeRight";
				INFOPLIST_KEY_UISupportedInterfaceOrientations_iPhone = "UIInterfaceOrientationPortrait UIInterfaceOrientationLandscapeLeft UIInterfaceOrientationLandscapeRight";
				LD_RUNPATH_SEARCH_PATHS = (
					"$(inherited)",
					"@executable_path/Frameworks",
				);
				MARKETING_VERSION = 1.0;
				PRODUCT_BUNDLE_IDENTIFIER = "net.hayman.STREAK-TestApp";
				PRODUCT_NAME = "$(TARGET_NAME)";
				SWIFT_EMIT_LOC_STRINGS = YES;
				SWIFT_VERSION = 5.0;
				TARGETED_DEVICE_FAMILY = "1,2";
			};
			name = Debug;
		};
		7D35B1502A212CAE0003AEEB /* Release */ = {
			isa = XCBuildConfiguration;
			buildSettings = {
				ASSETCATALOG_COMPILER_APPICON_NAME = AppIcon;
				ASSETCATALOG_COMPILER_GLOBAL_ACCENT_COLOR_NAME = AccentColor;
				CODE_SIGN_STYLE = Automatic;
				CURRENT_PROJECT_VERSION = 1;
				DEVELOPMENT_ASSET_PATHS = "\"STREAK+TestApp/Preview Content\"";
				DEVELOPMENT_TEAM = WG6GA25BQY;
				ENABLE_PREVIEWS = YES;
				GENERATE_INFOPLIST_FILE = YES;
				INFOPLIST_KEY_UIApplicationSceneManifest_Generation = YES;
				INFOPLIST_KEY_UIApplicationSupportsIndirectInputEvents = YES;
				INFOPLIST_KEY_UILaunchScreen_Generation = YES;
				INFOPLIST_KEY_UISupportedInterfaceOrientations_iPad = "UIInterfaceOrientationPortrait UIInterfaceOrientationPortraitUpsideDown UIInterfaceOrientationLandscapeLeft UIInterfaceOrientationLandscapeRight";
				INFOPLIST_KEY_UISupportedInterfaceOrientations_iPhone = "UIInterfaceOrientationPortrait UIInterfaceOrientationLandscapeLeft UIInterfaceOrientationLandscapeRight";
				LD_RUNPATH_SEARCH_PATHS = (
					"$(inherited)",
					"@executable_path/Frameworks",
				);
				MARKETING_VERSION = 1.0;
				PRODUCT_BUNDLE_IDENTIFIER = "net.hayman.STREAK-TestApp";
				PRODUCT_NAME = "$(TARGET_NAME)";
				SWIFT_EMIT_LOC_STRINGS = YES;
				SWIFT_VERSION = 5.0;
				TARGETED_DEVICE_FAMILY = "1,2";
			};
			name = Release;
		};
/* End XCBuildConfiguration section */

/* Begin XCConfigurationList section */
		7D35B13B2A212CAD0003AEEB /* Build configuration list for PBXProject "STREAK+TestApp" */ = {
			isa = XCConfigurationList;
			buildConfigurations = (
				7D35B14C2A212CAE0003AEEB /* Debug */,
				7D35B14D2A212CAE0003AEEB /* Release */,
			);
			defaultConfigurationIsVisible = 0;
			defaultConfigurationName = Release;
		};
		7D35B14E2A212CAE0003AEEB /* Build configuration list for PBXNativeTarget "STREAK+TestApp" */ = {
			isa = XCConfigurationList;
			buildConfigurations = (
				7D35B14F2A212CAE0003AEEB /* Debug */,
				7D35B1502A212CAE0003AEEB /* Release */,
			);
			defaultConfigurationIsVisible = 0;
			defaultConfigurationName = Release;
		};
/* End XCConfigurationList section */

/* Begin XCRemoteSwiftPackageReference section */
		7D7AF1C32A212F55007D8E40 /* XCRemoteSwiftPackageReference "STREAK" */ = {
			isa = XCRemoteSwiftPackageReference;
			repositoryURL = "https://github.pie.apple.com/shayman/STREAK";
			requirement = {
				kind = upToNextMajorVersion;
				minimumVersion = 1.0.0;
			};
		};
/* End XCRemoteSwiftPackageReference section */

/* Begin XCSwiftPackageProductDependency section */
		7D7AF1C42A212F55007D8E40 /* STREAK */ = {
			isa = XCSwiftPackageProductDependency;
			package = 7D7AF1C32A212F55007D8E40 /* XCRemoteSwiftPackageReference "STREAK" */;
			productName = STREAK;
		};
/* End XCSwiftPackageProductDependency section */
	};
	rootObject = 7D35B1382A212CAD0003AEEB /* Project object */;
}
